
Microsoft Visual Studio Solution File, Format Version 12.00
# Visual Studio Version 16
VisualStudioVersion = 16.0.29503.13
MinimumVisualStudioVersion = 10.0.40219.1
Project("{FAE04EC0-301F-11D3-BF4B-00C04F79EFBC}") = "TrainingDiary", "TrainingDiary\TrainingDiary.csproj", "{A23A49A8-3823-4E66-A0EB-199C0BCB0616}"
EndProject
Global
	GlobalSection(SolutionConfigurationPlatforms) = preSolution
		Debug|Any CPU = Debug|Any CPU
		Release|Any CPU = Release|Any CPU
	EndGlobalSection
	GlobalSection(ProjectConfigurationPlatforms) = postSolution
		{A23A49A8-3823-4E66-A0EB-199C0BCB0616}.Debug|Any CPU.ActiveCfg = Debug|Any CPU
		{A23A49A8-3823-4E66-A0EB-199C0BCB0616}.Debug|Any CPU.Build.0 = Debug|Any CPU
		{A23A49A8-3823-4E66-A0EB-199C0BCB0616}.Release|Any CPU.ActiveCfg = Release|Any CPU
		{A23A49A8-3823-4E66-A0EB-199C0BCB0616}.Release|Any CPU.Build.0 = Release|Any CPU
	EndGlobalSection
	GlobalSection(SolutionProperties) = preSolution
		HideSolutionNode = FALSE
	EndGlobalSection
	GlobalSection(ExtensibilityGlobals) = postSolution
		SolutionGuid = {00176936-C552-4854-958C-389F82096F98}
	EndGlobalSection
EndGlobal
